{
  "name": "wong-tulus-ratauadus",
  "version": "1.0.0",
  "lockfileVersion": 3,
  "requires": true,
  "packages": {
    "": {
      "name": "wong-tulus-ratauadus",
      "version": "1.0.0",
      "license": "MIT",
      "dependencies": {
        "kaum-malboro": "^1.0.0",
        "kaum-surya": "^1.0.0",
        "lodash": "^4.17.21"
      }
    },
    "node_modules/kaum-malboro": {
      "version": "1.0.0",
      "resolved": "https://registry.npmjs.org/kaum-malboro/-/kaum-malboro-1.0.0.tgz",
      "integrity": "sha512-Aq+ur7g0gaYzj2+Btg5D8Ic3vEpwh/pyuDWeN0xkXtuKKqXxdnww+vXCoNFJP0/0NNSgA7eR1fRvWP3S0Y8P6g==",
      "dependencies": {
        "kaum-surya": "^1.0.0",
        "lodash": "^4.17.21"
      }
    },
    "node_modules/kaum-surya": {
      "version": "1.0.0",
      "resolved": "https://registry.npmjs.org/kaum-surya/-/kaum-surya-1.0.0.tgz",
      "integrity": "sha512-OODeobNbbBmkiMZQIR32H2ChWj8p1FB1nsPDDVSeWJjiuKXF71MNK84UZhfTbjzN3JNy8GIAviLyRyWpetHf4g==",
      "dependencies": {
        "lodash": "^4.17.21"
      }
    },
    "node_modules/lodash": {
      "version": "4.17.21",
      "resolved": "https://registry.npmjs.org/lodash/-/lodash-4.17.21.tgz",
      "integrity": "sha512-v2kDEe57lecTulaDIuNTPy3Ry4gLGJ6Z1O3vE1krgXZNrsQ+LFTGHVxVjcXPs17LhbZVGedAJv8XZ1tvj5FvSg=="
    }
  }
}
